
Microsoft Visual Studio Solution File, Format Version 12.00
# Visual Studio Version 17
VisualStudioVersion = 17.2.32630.192
MinimumVisualStudioVersion = 10.0.40219.1
Project("{9A19103F-16F7-4668-BE54-9A1E7A4F7556}") = "R5T.F0063.Construction", "R5T.F0063.Construction\R5T.F0063.Construction.csproj", "{D1B8555B-A8B7-4C99-BF7C-A758C0EF9C11}"
EndProject
Project("{9A19103F-16F7-4668-BE54-9A1E7A4F7556}") = "R5T.F0063", "R5T.F0063\R5T.F0063.csproj", "{16069C37-AD6F-4244-819B-0EC9F4AA4DDD}"
EndProject
Project("{2150E333-8FDC-42A3-9474-1A3956D46DE8}") = "_Dependencies", "_Dependencies", "{50B2AF2D-9515-4F09-B4A0-3876530FF4A0}"
EndProject
Project("{9A19103F-16F7-4668-BE54-9A1E7A4F7556}") = "R5T.T0132", "..\..\R5T.T0132\source\R5T.T0132\R5T.T0132.csproj", "{329962D2-84ED-4223-AB32-0EFD6FC8C3BF}"
EndProject
Project("{9A19103F-16F7-4668-BE54-9A1E7A4F7556}") = "R5T.F0000", "..\..\R5T.F0000\source\R5T.F0000\R5T.F0000.csproj", "{6EC9D656-71CA-42BB-93FC-E27FD04F20B5}"
EndProject
Project("{9A19103F-16F7-4668-BE54-9A1E7A4F7556}") = "R5T.F0002", "..\..\R5T.F0002\source\R5T.F0002\R5T.F0002.csproj", "{F990359F-79A5-4687-9E77-CB951BAB8262}"
EndProject
Project("{9A19103F-16F7-4668-BE54-9A1E7A4F7556}") = "R5T.F0016", "..\..\R5T.F0016\source\R5T.F0016\R5T.F0016.csproj", "{60A13E5E-6AE4-4B48-A18A-B857F9DAF462}"
EndProject
Project("{9A19103F-16F7-4668-BE54-9A1E7A4F7556}") = "R5T.F0020", "..\..\R5T.F0020\source\R5T.F0020\R5T.F0020.csproj", "{1F75F848-E4D0-43B4-A597-BE952A71F710}"
EndProject
Project("{9A19103F-16F7-4668-BE54-9A1E7A4F7556}") = "R5T.F0024.T001", "..\..\R5T.F0024\source\R5T.F0024.T001\R5T.F0024.T001.csproj", "{73BB50E2-5B58-4FD3-A0A9-82441A5A90FD}"
EndProject
Project("{9A19103F-16F7-4668-BE54-9A1E7A4F7556}") = "R5T.F0024", "..\..\R5T.F0024\source\R5T.F0024\R5T.F0024.csproj", "{83D4295A-A040-4F2F-AAB1-643E660A522C}"
EndProject
Project("{9A19103F-16F7-4668-BE54-9A1E7A4F7556}") = "R5T.F0040.F000", "..\..\R5T.F0040\source\R5T.F0040.F000\R5T.F0040.F000.csproj", "{F05908B6-CD5A-4E29-B96F-96794C8A3552}"
EndProject
Project("{9A19103F-16F7-4668-BE54-9A1E7A4F7556}") = "R5T.Magyar", "..\..\R5T.Magyar\source\R5T.Magyar\R5T.Magyar.csproj", "{AE518DB3-56E2-4056-98C0-E6D0E9493454}"
EndProject
Project("{9A19103F-16F7-4668-BE54-9A1E7A4F7556}") = "R5T.T0131", "..\..\R5T.T0131\source\R5T.T0131\R5T.T0131.csproj", "{6F5A9C6D-DD03-4589-9D9B-BFCD09608D75}"
EndProject
Project("{9A19103F-16F7-4668-BE54-9A1E7A4F7556}") = "R5T.T0142", "..\..\R5T.T0142\source\R5T.T0142\R5T.T0142.csproj", "{C1213A44-CF9C-45A7-8ED2-B7849FE24EAD}"
EndProject
Project("{9A19103F-16F7-4668-BE54-9A1E7A4F7556}") = "R5T.T0143", "..\..\R5T.T0143\source\R5T.T0143\R5T.T0143.csproj", "{C3CB484B-4DA7-4200-8EBE-24C098AB0DFA}"
EndProject
Project("{9A19103F-16F7-4668-BE54-9A1E7A4F7556}") = "R5T.Y0000", "..\..\R5T.Y0000\source\R5T.Y0000\R5T.Y0000.csproj", "{DE67191E-5122-4298-B5F8-C022FB2D695B}"
EndProject
Project("{9A19103F-16F7-4668-BE54-9A1E7A4F7556}") = "R5T.Z0000", "..\..\R5T.Z0000\source\R5T.Z0000\R5T.Z0000.csproj", "{2150E699-8C5E-417E-88DB-CBCAB6E994FC}"
EndProject
Project("{9A19103F-16F7-4668-BE54-9A1E7A4F7556}") = "R5T.Z0009", "..\..\R5T.Z0009\source\R5T.Z0009\R5T.Z0009.csproj", "{84D58A68-8C5B-4259-B88F-3AF500B3FD5B}"
EndProject
Project("{9A19103F-16F7-4668-BE54-9A1E7A4F7556}") = "R5T.F0016.F001", "..\..\R5T.F0016\source\R5T.F0016.F001\R5T.F0016.F001.csproj", "{B7E86701-43DA-42B1-909A-7E52B649C641}"
EndProject
Global
	GlobalSection(SolutionConfigurationPlatforms) = preSolution
		Debug|Any CPU = Debug|Any CPU
		Release|Any CPU = Release|Any CPU
	EndGlobalSection
	GlobalSection(ProjectConfigurationPlatforms) = postSolution
		{D1B8555B-A8B7-4C99-BF7C-A758C0EF9C11}.Debug|Any CPU.ActiveCfg = Debug|Any CPU
		{D1B8555B-A8B7-4C99-BF7C-A758C0EF9C11}.Debug|Any CPU.Build.0 = Debug|Any CPU
		{D1B8555B-A8B7-4C99-BF7C-A758C0EF9C11}.Release|Any CPU.ActiveCfg = Release|Any CPU
		{D1B8555B-A8B7-4C99-BF7C-A758C0EF9C11}.Release|Any CPU.Build.0 = Release|Any CPU
		{16069C37-AD6F-4244-819B-0EC9F4AA4DDD}.Debug|Any CPU.ActiveCfg = Debug|Any CPU
		{16069C37-AD6F-4244-819B-0EC9F4AA4DDD}.Debug|Any CPU.Build.0 = Debug|Any CPU
		{16069C37-AD6F-4244-819B-0EC9F4AA4DDD}.Release|Any CPU.ActiveCfg = Release|Any CPU
		{16069C37-AD6F-4244-819B-0EC9F4AA4DDD}.Release|Any CPU.Build.0 = Release|Any CPU
		{329962D2-84ED-4223-AB32-0EFD6FC8C3BF}.Debug|Any CPU.ActiveCfg = Debug|Any CPU
		{329962D2-84ED-4223-AB32-0EFD6FC8C3BF}.Debug|Any CPU.Build.0 = Debug|Any CPU
		{329962D2-84ED-4223-AB32-0EFD6FC8C3BF}.Release|Any CPU.ActiveCfg = Release|Any CPU
		{329962D2-84ED-4223-AB32-0EFD6FC8C3BF}.Release|Any CPU.Build.0 = Release|Any CPU
		{6EC9D656-71CA-42BB-93FC-E27FD04F20B5}.Debug|Any CPU.ActiveCfg = Debug|Any CPU
		{6EC9D656-71CA-42BB-93FC-E27FD04F20B5}.Debug|Any CPU.Build.0 = Debug|Any CPU
		{6EC9D656-71CA-42BB-93FC-E27FD04F20B5}.Release|Any CPU.ActiveCfg = Release|Any CPU
		{6EC9D656-71CA-42BB-93FC-E27FD04F20B5}.Release|Any CPU.Build.0 = Release|Any CPU
		{F990359F-79A5-4687-9E77-CB951BAB8262}.Debug|Any CPU.ActiveCfg = Debug|Any CPU
		{F990359F-79A5-4687-9E77-CB951BAB8262}.Debug|Any CPU.Build.0 = Debug|Any CPU
		{F990359F-79A5-4687-9E77-CB951BAB8262}.Release|Any CPU.ActiveCfg = Release|Any CPU
		{F990359F-79A5-4687-9E77-CB951BAB8262}.Release|Any CPU.Build.0 = Release|Any CPU
		{60A13E5E-6AE4-4B48-A18A-B857F9DAF462}.Debug|Any CPU.ActiveCfg = Debug|Any CPU
		{60A13E5E-6AE4-4B48-A18A-B857F9DAF462}.Debug|Any CPU.Build.0 = Debug|Any CPU
		{60A13E5E-6AE4-4B48-A18A-B857F9DAF462}.Release|Any CPU.ActiveCfg = Release|Any CPU
		{60A13E5E-6AE4-4B48-A18A-B857F9DAF462}.Release|Any CPU.Build.0 = Release|Any CPU
		{1F75F848-E4D0-43B4-A597-BE952A71F710}.Debug|Any CPU.ActiveCfg = Debug|Any CPU
		{1F75F848-E4D0-43B4-A597-BE952A71F710}.Debug|Any CPU.Build.0 = Debug|Any CPU
		{1F75F848-E4D0-43B4-A597-BE952A71F710}.Release|Any CPU.ActiveCfg = Release|Any CPU
		{1F75F848-E4D0-43B4-A597-BE952A71F710}.Release|Any CPU.Build.0 = Release|Any CPU
		{73BB50E2-5B58-4FD3-A0A9-82441A5A90FD}.Debug|Any CPU.ActiveCfg = Debug|Any CPU
		{73BB50E2-5B58-4FD3-A0A9-82441A5A90FD}.Debug|Any CPU.Build.0 = Debug|Any CPU
		{73BB50E2-5B58-4FD3-A0A9-82441A5A90FD}.Release|Any CPU.ActiveCfg = Release|Any CPU
		{73BB50E2-5B58-4FD3-A0A9-82441A5A90FD}.Release|Any CPU.Build.0 = Release|Any CPU
		{83D4295A-A040-4F2F-AAB1-643E660A522C}.Debug|Any CPU.ActiveCfg = Debug|Any CPU
		{83D4295A-A040-4F2F-AAB1-643E660A522C}.Debug|Any CPU.Build.0 = Debug|Any CPU
		{83D4295A-A040-4F2F-AAB1-643E660A522C}.Release|Any CPU.ActiveCfg = Release|Any CPU
		{83D4295A-A040-4F2F-AAB1-643E660A522C}.Release|Any CPU.Build.0 = Release|Any CPU
		{F05908B6-CD5A-4E29-B96F-96794C8A3552}.Debug|Any CPU.ActiveCfg = Debug|Any CPU
		{F05908B6-CD5A-4E29-B96F-96794C8A3552}.Debug|Any CPU.Build.0 = Debug|Any CPU
		{F05908B6-CD5A-4E29-B96F-96794C8A3552}.Release|Any CPU.ActiveCfg = Release|Any CPU
		{F05908B6-CD5A-4E29-B96F-96794C8A3552}.Release|Any CPU.Build.0 = Release|Any CPU
		{AE518DB3-56E2-4056-98C0-E6D0E9493454}.Debug|Any CPU.ActiveCfg = Debug|Any CPU
		{AE518DB3-56E2-4056-98C0-E6D0E9493454}.Debug|Any CPU.Build.0 = Debug|Any CPU
		{AE518DB3-56E2-4056-98C0-E6D0E9493454}.Release|Any CPU.ActiveCfg = Release|Any CPU
		{AE518DB3-56E2-4056-98C0-E6D0E9493454}.Release|Any CPU.Build.0 = Release|Any CPU
		{6F5A9C6D-DD03-4589-9D9B-BFCD09608D75}.Debug|Any CPU.ActiveCfg = Debug|Any CPU
		{6F5A9C6D-DD03-4589-9D9B-BFCD09608D75}.Debug|Any CPU.Build.0 = Debug|Any CPU
		{6F5A9C6D-DD03-4589-9D9B-BFCD09608D75}.Release|Any CPU.ActiveCfg = Release|Any CPU
		{6F5A9C6D-DD03-4589-9D9B-BFCD09608D75}.Release|Any CPU.Build.0 = Release|Any CPU
		{C1213A44-CF9C-45A7-8ED2-B7849FE24EAD}.Debug|Any CPU.ActiveCfg = Debug|Any CPU
		{C1213A44-CF9C-45A7-8ED2-B7849FE24EAD}.Debug|Any CPU.Build.0 = Debug|Any CPU
		{C1213A44-CF9C-45A7-8ED2-B7849FE24EAD}.Release|Any CPU.ActiveCfg = Release|Any CPU
		{C1213A44-CF9C-45A7-8ED2-B7849FE24EAD}.Release|Any CPU.Build.0 = Release|Any CPU
		{C3CB484B-4DA7-4200-8EBE-24C098AB0DFA}.Debug|Any CPU.ActiveCfg = Debug|Any CPU
		{C3CB484B-4DA7-4200-8EBE-24C098AB0DFA}.Debug|Any CPU.Build.0 = Debug|Any CPU
		{C3CB484B-4DA7-4200-8EBE-24C098AB0DFA}.Release|Any CPU.ActiveCfg = Release|Any CPU
		{C3CB484B-4DA7-4200-8EBE-24C098AB0DFA}.Release|Any CPU.Build.0 = Release|Any CPU
		{DE67191E-5122-4298-B5F8-C022FB2D695B}.Debug|Any CPU.ActiveCfg = Debug|Any CPU
		{DE67191E-5122-4298-B5F8-C022FB2D695B}.Debug|Any CPU.Build.0 = Debug|Any CPU
		{DE67191E-5122-4298-B5F8-C022FB2D695B}.Release|Any CPU.ActiveCfg = Release|Any CPU
		{DE67191E-5122-4298-B5F8-C022FB2D695B}.Release|Any CPU.Build.0 = Release|Any CPU
		{2150E699-8C5E-417E-88DB-CBCAB6E994FC}.Debug|Any CPU.ActiveCfg = Debug|Any CPU
		{2150E699-8C5E-417E-88DB-CBCAB6E994FC}.Debug|Any CPU.Build.0 = Debug|Any CPU
		{2150E699-8C5E-417E-88DB-CBCAB6E994FC}.Release|Any CPU.ActiveCfg = Release|Any CPU
		{2150E699-8C5E-417E-88DB-CBCAB6E994FC}.Release|Any CPU.Build.0 = Release|Any CPU
		{84D58A68-8C5B-4259-B88F-3AF500B3FD5B}.Debug|Any CPU.ActiveCfg = Debug|Any CPU
		{84D58A68-8C5B-4259-B88F-3AF500B3FD5B}.Debug|Any CPU.Build.0 = Debug|Any CPU
		{84D58A68-8C5B-4259-B88F-3AF500B3FD5B}.Release|Any CPU.ActiveCfg = Release|Any CPU
		{84D58A68-8C5B-4259-B88F-3AF500B3FD5B}.Release|Any CPU.Build.0 = Release|Any CPU
		{B7E86701-43DA-42B1-909A-7E52B649C641}.Debug|Any CPU.ActiveCfg = Debug|Any CPU
		{B7E86701-43DA-42B1-909A-7E52B649C641}.Debug|Any CPU.Build.0 = Debug|Any CPU
		{B7E86701-43DA-42B1-909A-7E52B649C641}.Release|Any CPU.ActiveCfg = Release|Any CPU
		{B7E86701-43DA-42B1-909A-7E52B649C641}.Release|Any CPU.Build.0 = Release|Any CPU
	EndGlobalSection
	GlobalSection(SolutionProperties) = preSolution
		HideSolutionNode = FALSE
	EndGlobalSection
	GlobalSection(NestedProjects) = preSolution
		{329962D2-84ED-4223-AB32-0EFD6FC8C3BF} = {50B2AF2D-9515-4F09-B4A0-3876530FF4A0}
		{6EC9D656-71CA-42BB-93FC-E27FD04F20B5} = {50B2AF2D-9515-4F09-B4A0-3876530FF4A0}
		{F990359F-79A5-4687-9E77-CB951BAB8262} = {50B2AF2D-9515-4F09-B4A0-3876530FF4A0}
		{60A13E5E-6AE4-4B48-A18A-B857F9DAF462} = {50B2AF2D-9515-4F09-B4A0-3876530FF4A0}
		{1F75F848-E4D0-43B4-A597-BE952A71F710} = {50B2AF2D-9515-4F09-B4A0-3876530FF4A0}
		{73BB50E2-5B58-4FD3-A0A9-82441A5A90FD} = {50B2AF2D-9515-4F09-B4A0-3876530FF4A0}
		{83D4295A-A040-4F2F-AAB1-643E660A522C} = {50B2AF2D-9515-4F09-B4A0-3876530FF4A0}
		{F05908B6-CD5A-4E29-B96F-96794C8A3552} = {50B2AF2D-9515-4F09-B4A0-3876530FF4A0}
		{AE518DB3-56E2-4056-98C0-E6D0E9493454} = {50B2AF2D-9515-4F09-B4A0-3876530FF4A0}
		{6F5A9C6D-DD03-4589-9D9B-BFCD09608D75} = {50B2AF2D-9515-4F09-B4A0-3876530FF4A0}
		{C1213A44-CF9C-45A7-8ED2-B7849FE24EAD} = {50B2AF2D-9515-4F09-B4A0-3876530FF4A0}
		{C3CB484B-4DA7-4200-8EBE-24C098AB0DFA} = {50B2AF2D-9515-4F09-B4A0-3876530FF4A0}
		{DE67191E-5122-4298-B5F8-C022FB2D695B} = {50B2AF2D-9515-4F09-B4A0-3876530FF4A0}
		{2150E699-8C5E-417E-88DB-CBCAB6E994FC} = {50B2AF2D-9515-4F09-B4A0-3876530FF4A0}
		{84D58A68-8C5B-4259-B88F-3AF500B3FD5B} = {50B2AF2D-9515-4F09-B4A0-3876530FF4A0}
		{B7E86701-43DA-42B1-909A-7E52B649C641} = {50B2AF2D-9515-4F09-B4A0-3876530FF4A0}
	EndGlobalSection
	GlobalSection(ExtensibilityGlobals) = postSolution
		SolutionGuid = {5F1A3314-8C17-4E70-BE8D-BDFEE4F0C3EE}
	EndGlobalSection
EndGlobal
